// !$*UTF8*$!
{
	archiveVersion = 1;
	classes = {
	};
	objectVersion = 46;
	objects = {

/* Begin PBXBuildFile section */
		1BFDA7621D4F83270060EEDE /* AppDelegate.swift in Sources */ = {isa = PBXBuildFile; fileRef = 1BFDA7611D4F83270060EEDE /* AppDelegate.swift */; };
		1BFDA7641D4F83270060EEDE /* ViewController.swift in Sources */ = {isa = PBXBuildFile; fileRef = 1BFDA7631D4F83270060EEDE /* ViewController.swift */; };
		1BFDA7671D4F83270060EEDE /* Main.storyboard in Resources */ = {isa = PBXBuildFile; fileRef = 1BFDA7651D4F83270060EEDE /* Main.storyboard */; };
		1BFDA76A1D4F83270060EEDE /* iOS_Swift_Assessment_Core_Data.xcdatamodeld in Sources */ = {isa = PBXBuildFile; fileRef = 1BFDA7681D4F83270060EEDE /* iOS_Swift_Assessment_Core_Data.xcdatamodeld */; };
		1BFDA76C1D4F83270060EEDE /* Assets.xcassets in Resources */ = {isa = PBXBuildFile; fileRef = 1BFDA76B1D4F83270060EEDE /* Assets.xcassets */; };
		1BFDA76F1D4F83270060EEDE /* LaunchScreen.storyboard in Resources */ = {isa = PBXBuildFile; fileRef = 1BFDA76D1D4F83270060EEDE /* LaunchScreen.storyboard */; };
		1BFDA7771D4F834A0060EEDE /* DataStore.swift in Sources */ = {isa = PBXBuildFile; fileRef = 1BFDA7761D4F834A0060EEDE /* DataStore.swift */; };
/* End PBXBuildFile section */

/* Begin PBXFileReference section */
		1BFDA75E1D4F83270060EEDE /* iOS Swift Assessment Core Data.app */ = {isa = PBXFileReference; explicitFileType = wrapper.application; includeInIndex = 0; path = "iOS Swift Assessment Core Data.app"; sourceTree = BUILT_PRODUCTS_DIR; };
		1BFDA7611D4F83270060EEDE /* AppDelegate.swift */ = {isa = PBXFileReference; lastKnownFileType = sourcecode.swift; path = AppDelegate.swift; sourceTree = "<group>"; };
		1BFDA7631D4F83270060EEDE /* ViewController.swift */ = {isa = PBXFileReference; lastKnownFileType = sourcecode.swift; path = ViewController.swift; sourceTree = "<group>"; };
		1BFDA7661D4F83270060EEDE /* Base */ = {isa = PBXFileReference; lastKnownFileType = file.storyboard; name = Base; path = Base.lproj/Main.storyboard; sourceTree = "<group>"; };
		1BFDA7691D4F83270060EEDE /* iOS_Swift_Assessment_Core_Data.xcdatamodel */ = {isa = PBXFileReference; lastKnownFileType = wrapper.xcdatamodel; path = iOS_Swift_Assessment_Core_Data.xcdatamodel; sourceTree = "<group>"; };
		1BFDA76B1D4F83270060EEDE /* Assets.xcassets */ = {isa = PBXFileReference; lastKnownFileType = folder.assetcatalog; path = Assets.xcassets; sourceTree = "<group>"; };
		1BFDA76E1D4F83270060EEDE /* Base */ = {isa = PBXFileReference; lastKnownFileType = file.storyboard; name = Base; path = Base.lproj/LaunchScreen.storyboard; sourceTree = "<group>"; };
		1BFDA7701D4F83270060EEDE /* Info.plist */ = {isa = PBXFileReference; lastKnownFileType = text.plist.xml; path = Info.plist; sourceTree = "<group>"; };
		1BFDA7761D4F834A0060EEDE /* DataStore.swift */ = {isa = PBXFileReference; fileEncoding = 4; lastKnownFileType = sourcecode.swift; path = DataStore.swift; sourceTree = "<group>"; };
/* End PBXFileReference section */

/* Begin PBXFrameworksBuildPhase section */
		1BFDA75B1D4F83270060EEDE /* Frameworks */ = {
			isa = PBXFrameworksBuildPhase;
			buildActionMask = 2147483647;
			files = (
			);
			runOnlyForDeploymentPostprocessing = 0;
		};
/* End PBXFrameworksBuildPhase section */

/* Begin PBXGroup section */
		1BFDA7551D4F83270060EEDE = {
			isa = PBXGroup;
			children = (
				1BFDA7601D4F83270060EEDE /* iOS Swift Assessment Core Data */,
				1BFDA75F1D4F83270060EEDE /* Products */,
			);
			sourceTree = "<group>";
		};
		1BFDA75F1D4F83270060EEDE /* Products */ = {
			isa = PBXGroup;
			children = (
				1BFDA75E1D4F83270060EEDE /* iOS Swift Assessment Core Data.app */,
			);
			name = Products;
			sourceTree = "<group>";
		};
		1BFDA7601D4F83270060EEDE /* iOS Swift Assessment Core Data */ = {
			isa = PBXGroup;
			children = (
				1BFDA7611D4F83270060EEDE /* AppDelegate.swift */,
				1BFDA7631D4F83270060EEDE /* ViewController.swift */,
				1BFDA7651D4F83270060EEDE /* Main.storyboard */,
				1BFDA76B1D4F83270060EEDE /* Assets.xcassets */,
				1BFDA76D1D4F83270060EEDE /* LaunchScreen.storyboard */,
				1BFDA7701D4F83270060EEDE /* Info.plist */,
				1BFDA7681D4F83270060EEDE /* iOS_Swift_Assessment_Core_Data.xcdatamodeld */,
				1BFDA7761D4F834A0060EEDE /* DataStore.swift */,
			);
			path = "iOS Swift Assessment Core Data";
			sourceTree = "<group>";
		};
/* End PBXGroup section */

/* Begin PBXNativeTarget section */
		1BFDA75D1D4F83270060EEDE /* iOS Swift Assessment Core Data */ = {
			isa = PBXNativeTarget;
			buildConfigurationList = 1BFDA7731D4F83270060EEDE /* Build configuration list for PBXNativeTarget "iOS Swift Assessment Core Data" */;
			buildPhases = (
				1BFDA75A1D4F83270060EEDE /* Sources */,
				1BFDA75B1D4F83270060EEDE /* Frameworks */,
				1BFDA75C1D4F83270060EEDE /* Resources */,
			);
			buildRules = (
			);
			dependencies = (
			);
			name = "iOS Swift Assessment Core Data";
			productName = "iOS Swift Assessment Core Data";
			productReference = 1BFDA75E1D4F83270060EEDE /* iOS Swift Assessment Core Data.app */;
			productType = "com.apple.product-type.application";
		};
/* End PBXNativeTarget section */

/* Begin PBXProject section */
		1BFDA7561D4F83270060EEDE /* Project object */ = {
			isa = PBXProject;
			attributes = {
				LastSwiftUpdateCheck = 0730;
				LastUpgradeCheck = 0730;
				ORGANIZATIONNAME = "Flatiron School";
				TargetAttributes = {
					1BFDA75D1D4F83270060EEDE = {
						CreatedOnToolsVersion = 7.3.1;
					};
				};
			};
			buildConfigurationList = 1BFDA7591D4F83270060EEDE /* Build configuration list for PBXProject "iOS Swift Assessment Core Data" */;
			compatibilityVersion = "Xcode 3.2";
			developmentRegion = English;
			hasScannedForEncodings = 0;
			knownRegions = (
				en,
				Base,
			);
			mainGroup = 1BFDA7551D4F83270060EEDE;
			productRefGroup = 1BFDA75F1D4F83270060EEDE /* Products */;
			projectDirPath = "";
			projectRoot = "";
			targets = (
				1BFDA75D1D4F83270060EEDE /* iOS Swift Assessment Core Data */,
			);
		};
/* End PBXProject section */

/* Begin PBXResourcesBuildPhase section */
		1BFDA75C1D4F83270060EEDE /* Resources */ = {
			isa = PBXResourcesBuildPhase;
			buildActionMask = 2147483647;
			files = (
				1BFDA76F1D4F83270060EEDE /* LaunchScreen.storyboard in Resources */,
				1BFDA76C1D4F83270060EEDE /* Assets.xcassets in Resources */,
				1BFDA7671D4F83270060EEDE /* Main.storyboard in Resources */,
			);
			runOnlyForDeploymentPostprocessing = 0;
		};
/* End PBXResourcesBuildPhase section */

/* Begin PBXSourcesBuildPhase section */
		1BFDA75A1D4F83270060EEDE /* Sources */ = {
			isa = PBXSourcesBuildPhase;
			buildActionMask = 2147483647;
			files = (
				1BFDA7641D4F83270060EEDE /* ViewController.swift in Sources */,
				1BFDA7771D4F834A0060EEDE /* DataStore.swift in Sources */,
				1BFDA7621D4F83270060EEDE /* AppDelegate.swift in Sources */,
				1BFDA76A1D4F83270060EEDE /* iOS_Swift_Assessment_Core_Data.xcdatamodeld in Sources */,
			);
			runOnlyForDeploymentPostprocessing = 0;
		};
/* End PBXSourcesBuildPhase section */

/* Begin PBXVariantGroup section */
		1BFDA7651D4F83270060EEDE /* Main.storyboard */ = {
			isa = PBXVariantGroup;
			children = (
				1BFDA7661D4F83270060EEDE /* Base */,
			);
			name = Main.storyboard;
			sourceTree = "<group>";
		};
		1BFDA76D1D4F83270060EEDE /* LaunchScreen.storyboard */ = {
			isa = PBXVariantGroup;
			children = (
				1BFDA76E1D4F83270060EEDE /* Base */,
			);
			name = LaunchScreen.storyboard;
			sourceTree = "<group>";
		};
/* End PBXVariantGroup section */

/* Begin XCBuildConfiguration section */
		1BFDA7711D4F83270060EEDE /* Debug */ = {
			isa = XCBuildConfiguration;
			buildSettings = {
				ALWAYS_SEARCH_USER_PATHS = NO;
				CLANG_ANALYZER_NONNULL = YES;
				CLANG_CXX_LANGUAGE_STANDARD = "gnu++0x";
				CLANG_CXX_LIBRARY = "libc++";
				CLANG_ENABLE_MODULES = YES;
				CLANG_ENABLE_OBJC_ARC = YES;
				CLANG_WARN_BOOL_CONVERSION = YES;
				CLANG_WARN_CONSTANT_CONVERSION = YES;
				CLANG_WARN_DIRECT_OBJC_ISA_USAGE = YES_ERROR;
				CLANG_WARN_EMPTY_BODY = YES;
				CLANG_WARN_ENUM_CONVERSION = YES;
				CLANG_WARN_INT_CONVERSION = YES;
				CLANG_WARN_OBJC_ROOT_CLASS = YES_ERROR;
				CLANG_WARN_UNREACHABLE_CODE = YES;
				CLANG_WARN__DUPLICATE_METHOD_MATCH = YES;
				"CODE_SIGN_IDENTITY[sdk=iphoneos*]" = "iPhone Developer";
				COPY_PHASE_STRIP = NO;
				DEBUG_INFORMATION_FORMAT = dwarf;
				ENABLE_STRICT_OBJC_MSGSEND = YES;
				ENABLE_TESTABILITY = YES;
				GCC_C_LANGUAGE_STANDARD = gnu99;
				GCC_DYNAMIC_NO_PIC = NO;
				GCC_NO_COMMON_BLOCKS = YES;
				GCC_OPTIMIZATION_LEVEL = 0;
				GCC_PREPROCESSOR_DEFINITIONS = (
					"DEBUG=1",
					"$(inherited)",
				);
				GCC_WARN_64_TO_32_BIT_CONVERSION = YES;
				GCC_WARN_ABOUT_RETURN_TYPE = YES_ERROR;
				GCC_WARN_UNDECLARED_SELECTOR = YES;
				GCC_WARN_UNINITIALIZED_AUTOS = YES_AGGRESSIVE;
				GCC_WARN_UNUSED_FUNCTION = YES;
				GCC_WARN_UNUSED_VARIABLE = YES;
				IPHONEOS_DEPLOYMENT_TARGET = 9.3;
				MTL_ENABLE_DEBUG_INFO = YES;
				ONLY_ACTIVE_ARCH = YES;
				SDKROOT = iphoneos;
				SWIFT_OPTIMIZATION_LEVEL = "-Onone";
				TARGETED_DEVICE_FAMILY = "1,2";
			};
			name = Debug;
		};
		1BFDA7721D4F83270060EEDE /* Release */ = {
			isa = XCBuildConfiguration;
			buildSettings = {
				ALWAYS_SEARCH_USER_PATHS = NO;
				CLANG_ANALYZER_NONNULL = YES;
				CLANG_CXX_LANGUAGE_STANDARD = "gnu++0x";
				CLANG_CXX_LIBRARY = "libc++";
				CLANG_ENABLE_MODULES = YES;
				CLANG_ENABLE_OBJC_ARC = YES;
				CLANG_WARN_BOOL_CONVERSION = YES;
				CLANG_WARN_CONSTANT_CONVERSION = YES;
				CLANG_WARN_DIRECT_OBJC_ISA_USAGE = YES_ERROR;
				CLANG_WARN_EMPTY_BODY = YES;
				CLANG_WARN_ENUM_CONVERSION = YES;
				CLANG_WARN_INT_CONVERSION = YES;
				CLANG_WARN_OBJC_ROOT_CLASS = YES_ERROR;
				CLANG_WARN_UNREACHABLE_CODE = YES;
				CLANG_WARN__DUPLICATE_METHOD_MATCH = YES;
				"CODE_SIGN_IDENTITY[sdk=iphoneos*]" = "iPhone Developer";
				COPY_PHASE_STRIP = NO;
				DEBUG_INFORMATION_FORMAT = "dwarf-with-dsym";
				ENABLE_NS_ASSERTIONS = NO;
				ENABLE_STRICT_OBJC_MSGSEND = YES;
				GCC_C_LANGUAGE_STANDARD = gnu99;
				GCC_NO_COMMON_BLOCKS = YES;
				GCC_WARN_64_TO_32_BIT_CONVERSION = YES;
				GCC_WARN_ABOUT_RETURN_TYPE = YES_ERROR;
				GCC_WARN_UNDECLARED_SELECTOR = YES;
				GCC_WARN_UNINITIALIZED_AUTOS = YES_AGGRESSIVE;
				GCC_WARN_UNUSED_FUNCTION = YES;
				GCC_WARN_UNUSED_VARIABLE = YES;
				IPHONEOS_DEPLOYMENT_TARGET = 9.3;
				MTL_ENABLE_DEBUG_INFO = NO;
				SDKROOT = iphoneos;
				TARGETED_DEVICE_FAMILY = "1,2";
				VALIDATE_PRODUCT = YES;
			};
			name = Release;
		};
		1BFDA7741D4F83270060EEDE /* Debug */ = {
			isa = XCBuildConfiguration;
			buildSettings = {
				ASSETCATALOG_COMPILER_APPICON_NAME = AppIcon;
				INFOPLIST_FILE = "iOS Swift Assessment Core Data/Info.plist";
				LD_RUNPATH_SEARCH_PATHS = "$(inherited) @executable_path/Frameworks";
				PRODUCT_BUNDLE_IDENTIFIER = "com.FlatironSchool.iOS-Swift-Assessment-Core-Data";
				PRODUCT_NAME = "$(TARGET_NAME)";
			};
			name = Debug;
		};
		1BFDA7751D4F83270060EEDE /* Release */ = {
			isa = XCBuildConfiguration;
			buildSettings = {
				ASSETCATALOG_COMPILER_APPICON_NAME = AppIcon;
				INFOPLIST_FILE = "iOS Swift Assessment Core Data/Info.plist";
				LD_RUNPATH_SEARCH_PATHS = "$(inherited) @executable_path/Frameworks";
				PRODUCT_BUNDLE_IDENTIFIER = "com.FlatironSchool.iOS-Swift-Assessment-Core-Data";
				PRODUCT_NAME = "$(TARGET_NAME)";
			};
			name = Release;
		};
/* End XCBuildConfiguration section */

/* Begin XCConfigurationList section */
		1BFDA7591D4F83270060EEDE /* Build configuration list for PBXProject "iOS Swift Assessment Core Data" */ = {
			isa = XCConfigurationList;
			buildConfigurations = (
				1BFDA7711D4F83270060EEDE /* Debug */,
				1BFDA7721D4F83270060EEDE /* Release */,
			);
			defaultConfigurationIsVisible = 0;
			defaultConfigurationName = Release;
		};
		1BFDA7731D4F83270060EEDE /* Build configuration list for PBXNativeTarget "iOS Swift Assessment Core Data" */ = {
			isa = XCConfigurationList;
			buildConfigurations = (
				1BFDA7741D4F83270060EEDE /* Debug */,
				1BFDA7751D4F83270060EEDE /* Release */,
			);
			defaultConfigurationIsVisible = 0;
		};
/* End XCConfigurationList section */

/* Begin XCVersionGroup section */
		1BFDA7681D4F83270060EEDE /* iOS_Swift_Assessment_Core_Data.xcdatamodeld */ = {
			isa = XCVersionGroup;
			children = (
				1BFDA7691D4F83270060EEDE /* iOS_Swift_Assessment_Core_Data.xcdatamodel */,
			);
			currentVersion = 1BFDA7691D4F83270060EEDE /* iOS_Swift_Assessment_Core_Data.xcdatamodel */;
			path = iOS_Swift_Assessment_Core_Data.xcdatamodeld;
			sourceTree = "<group>";
			versionGroupType = wrapper.xcdatamodel;
		};
/* End XCVersionGroup section */
	};
	rootObject = 1BFDA7561D4F83270060EEDE /* Project object */;
}
